proto_outdir = "./proto"

[[dependencies]]
  target = "github.com/henken-club/bookcover-grpc-service/proto"
  revision = "b019fe3021a6da6d357c67eb9c731ee96352dfb0"
  branch = "main"
  path = ""
  protocol = ""

[[dependencies]]
  target = "github.com/henken-club/account-grpc-service/proto"
  revision = "684d422560f6237e00690b8ac1bc904aaa2dfeeb"
  branch = "main"
  path = ""
  protocol = ""
