proto_outdir = "./proto"

[[dependencies]]
  target = "github.com/henken-club/bookcover-grpc-service/proto"
  revision = "b019fe3021a6da6d357c67eb9c731ee96352dfb0"
  branch = "main"
  path = ""
  protocol = ""

[[dependencies]]
  target = "github.com/henken-club/account-grpc-service/proto"
  revision = "e514fea9f6f13179a5bb12595d5a469ffd11b836"
  branch = "main"
  path = ""
  protocol = ""

[[dependencies]]
  target = "github.com/henken-club/avatar-grpc-service/proto"
  revision = "dcdeff58a2dda1658c955b4fd0b18e1419582f98"
  branch = "main"
  path = ""
  protocol = ""
